<?xml version="1.0" encoding="utf-8"?>
<Project ToolsVersion="4.0" xmlns="http://schemas.microsoft.com/developer/msbuild/2003">
  <ItemGroup>
    <Filter Include="Source Files">
      <UniqueIdentifier>{4FC737F1-C7A5-4376-A066-2A32D752A2FF}</UniqueIdentifier>
      <Extensions>cpp;c;cc;cxx;def;odl;idl;hpj;bat;asm;asmx</Extensions>
    </Filter>
    <Filter Include="Header Files">
      <UniqueIdentifier>{93995380-89BD-4b04-88EB-625FBE52EBFB}</UniqueIdentifier>
      <Extensions>h;hh;hpp;hxx;hm;inl;inc;xsd</Extensions>
    </Filter>
    <Filter Include="Resource Files">
      <UniqueIdentifier>{67DA6AB6-F800-4c08-8B7A-83BB121AAD01}</UniqueIdentifier>
      <Extensions>rc;ico;cur;bmp;dlg;rc2;rct;bin;rgs;gif;jpg;jpeg;jpe;resx;tiff;tif;png;wav</Extensions>
    </Filter>
    <Filter Include="Header Files\AST">
      <UniqueIdentifier>{c8e1e0f9-d24d-4d11-b466-3e43fcdad446}</UniqueIdentifier>
    </Filter>
    <Filter Include="Header Files\Parser">
      <UniqueIdentifier>{e62f4d67-3e5d-4841-a68b-3d5cc9200e14}</UniqueIdentifier>
    </Filter>
    <Filter Include="Header Files\Sema">
      <UniqueIdentifier>{9275f85c-5046-47aa-95ec-8213bd37e6f5}</UniqueIdentifier>
    </Filter>
    <Filter Include="Source Files\Parser">
      <UniqueIdentifier>{ed77c1c5-2526-4fdf-8987-e6c3551f6f96}</UniqueIdentifier>
    </Filter>
    <Filter Include="Source Files\Sema">
      <UniqueIdentifier>{191b0fa6-5288-4829-a947-e57e57f4d045}</UniqueIdentifier>
    </Filter>
    <Filter Include="Header Files\Lexer">
      <UniqueIdentifier>{ad10270b-4d6c-4c95-895e-ab445b1eab8f}</UniqueIdentifier>
    </Filter>
    <Filter Include="Source Files\Lexer">
      <UniqueIdentifier>{9f6a2176-a462-4c5e-869f-1d94dafd47f4}</UniqueIdentifier>
    </Filter>
  </ItemGroup>
  <ItemGroup>
    <ClCompile Include="gpt_code.cpp">
      <Filter>Source Files</Filter>
    </ClCompile>
    <ClCompile Include="ASTType.hpp">
      <Filter>Header Files\AST</Filter>
    </ClCompile>
    <ClCompile Include="ParseExpr.cpp">
      <Filter>Source Files\Parser</Filter>
    </ClCompile>
    <ClCompile Include="ParseType.cpp">
      <Filter>Source Files\Parser</Filter>
    </ClCompile>
    <ClCompile Include="Lexer.cpp">
      <Filter>Source Files\Lexer</Filter>
    </ClCompile>
    <ClCompile Include="Parser.cpp">
      <Filter>Source Files\Parser</Filter>
    </ClCompile>
  </ItemGroup>
  <ItemGroup>
    <ClInclude Include="Basic.hpp">
      <Filter>Header Files</Filter>
    </ClInclude>
    <ClInclude Include="ASTExpr.hpp">
      <Filter>Header Files\AST</Filter>
    </ClInclude>
    <ClInclude Include="ASTStmt.hpp">
      <Filter>Header Files\AST</Filter>
    </ClInclude>
    <ClInclude Include="Parser.hpp">
      <Filter>Header Files\Parser</Filter>
    </ClInclude>
    <ClInclude Include="Sema.hpp">
      <Filter>Header Files\Sema</Filter>
    </ClInclude>
    <ClInclude Include="ASTContext.hpp">
      <Filter>Header Files\Sema</Filter>
    </ClInclude>
    <ClInclude Include="Lexer.hpp">
      <Filter>Header Files\Lexer</Filter>
    </ClInclude>
    <ClInclude Include="Preprocessor.hpp">
      <Filter>Header Files\Lexer</Filter>
    </ClInclude>
    <ClInclude Include="IdentifierTable.hpp">
      <Filter>Header Files\Lexer</Filter>
    </ClInclude>
    <ClInclude Include="Token.hpp">
      <Filter>Header Files\Lexer</Filter>
    </ClInclude>
  </ItemGroup>
</Project>